
Microsoft Visual Studio Solution File, Format Version 12.00
# Visual Studio 2017
Project("{FAE04EC0-301F-11D3-BF4B-00C04F79EFBC}") = "editorwindow", "editorwindow.csproj", "{975EF984-3DB0-9FF1-4199-2E7618134CB5}"
EndProject
Project("{FAE04EC0-301F-11D3-BF4B-00C04F79EFBC}") = "editorwindow.Editor", "editorwindow.Editor.csproj", "{672128D5-A354-0D65-211F-7D7FAED5FDBD}"
EndProject
Global
	GlobalSection(SolutionConfigurationPlatforms) = preSolution
		Debug|Any CPU = Debug|Any CPU
		Release|Any CPU = Release|Any CPU
	EndGlobalSection
	GlobalSection(ProjectConfigurationPlatforms) = postSolution
		{975EF984-3DB0-9FF1-4199-2E7618134CB5}.Debug|Any CPU.ActiveCfg = Debug|Any CPU
		{975EF984-3DB0-9FF1-4199-2E7618134CB5}.Debug|Any CPU.Build.0 = Debug|Any CPU
		{975EF984-3DB0-9FF1-4199-2E7618134CB5}.Release|Any CPU.ActiveCfg = Release|Any CPU
		{975EF984-3DB0-9FF1-4199-2E7618134CB5}.Release|Any CPU.Build.0 = Release|Any CPU
		{672128D5-A354-0D65-211F-7D7FAED5FDBD}.Debug|Any CPU.ActiveCfg = Debug|Any CPU
		{672128D5-A354-0D65-211F-7D7FAED5FDBD}.Debug|Any CPU.Build.0 = Debug|Any CPU
		{672128D5-A354-0D65-211F-7D7FAED5FDBD}.Release|Any CPU.ActiveCfg = Release|Any CPU
		{672128D5-A354-0D65-211F-7D7FAED5FDBD}.Release|Any CPU.Build.0 = Release|Any CPU
	EndGlobalSection
	GlobalSection(SolutionProperties) = preSolution
		HideSolutionNode = FALSE
	EndGlobalSection
EndGlobal
